// !$*UTF8*$!
{
	archiveVersion = 1;
	classes = {
	};
	objectVersion = 46;
	objects = {

/* Begin PBXBuildFile section */
		1B0A250F1EC5E90C00F25F08 /* AppDelegate.swift in Sources */ = {isa = PBXBuildFile; fileRef = 1B0A250E1EC5E90C00F25F08 /* AppDelegate.swift */; };
		1B0A25111EC5E90C00F25F08 /* SimpleViewController.swift in Sources */ = {isa = PBXBuildFile; fileRef = 1B0A25101EC5E90C00F25F08 /* SimpleViewController.swift */; };
		1B0A25141EC5E90C00F25F08 /* Main.storyboard in Resources */ = {isa = PBXBuildFile; fileRef = 1B0A25121EC5E90C00F25F08 /* Main.storyboard */; };
		1B0A25161EC5E90C00F25F08 /* Assets.xcassets in Resources */ = {isa = PBXBuildFile; fileRef = 1B0A25151EC5E90C00F25F08 /* Assets.xcassets */; };
		1B0A25191EC5E90C00F25F08 /* LaunchScreen.storyboard in Resources */ = {isa = PBXBuildFile; fileRef = 1B0A25171EC5E90C00F25F08 /* LaunchScreen.storyboard */; };
		1B0A251E1EC5EA0500F25F08 /* BlurHashKit.framework in Frameworks */ = {isa = PBXBuildFile; fileRef = 1B49CD1B1EC4721A006F8E7D /* BlurHashKit.framework */; };
		1B0A251F1EC5EA0500F25F08 /* BlurHashKit.framework in Embed Frameworks */ = {isa = PBXBuildFile; fileRef = 1B49CD1B1EC4721A006F8E7D /* BlurHashKit.framework */; settings = {ATTRIBUTES = (CodeSignOnCopy, RemoveHeadersOnCopy, ); }; };
		1B0A25291EC5EAB000F25F08 /* pic1.png in Resources */ = {isa = PBXBuildFile; fileRef = 1B0A25241EC5EAB000F25F08 /* pic1.png */; };
		1B0A252A1EC5EAB000F25F08 /* pic2.png in Resources */ = {isa = PBXBuildFile; fileRef = 1B0A25251EC5EAB000F25F08 /* pic2.png */; };
		1B0A252B1EC5EAB000F25F08 /* pic3.png in Resources */ = {isa = PBXBuildFile; fileRef = 1B0A25261EC5EAB000F25F08 /* pic3.png */; };
		1B0A252C1EC5EAB000F25F08 /* pic4.png in Resources */ = {isa = PBXBuildFile; fileRef = 1B0A25271EC5EAB000F25F08 /* pic4.png */; };
		1B0A252D1EC5EAB000F25F08 /* pic5.png in Resources */ = {isa = PBXBuildFile; fileRef = 1B0A25281EC5EAB000F25F08 /* pic5.png */; };
		1B19DF602015E72C00D8FCD7 /* pic6.png in Resources */ = {isa = PBXBuildFile; fileRef = 1B19DF5F2015E72B00D8FCD7 /* pic6.png */; };
		1B2BA1CA1F0E5EE3006057C1 /* encode.c in Sources */ = {isa = PBXBuildFile; fileRef = 1B2BA1C81F0E5EE3006057C1 /* encode.c */; };
		1B2BA1CB1F0E5EEA006057C1 /* blurhash_stb.c in Sources */ = {isa = PBXBuildFile; fileRef = 1B2BA1C41F0E5ED6006057C1 /* blurhash_stb.c */; };
		1B6C71FD2272453D000D3BB1 /* BlurHash.swift in Sources */ = {isa = PBXBuildFile; fileRef = 1BAA60701FF40A2F00E42DD7 /* BlurHash.swift */; };
		1B6C71FE2272453D000D3BB1 /* FromString.swift in Sources */ = {isa = PBXBuildFile; fileRef = 1BAA60741FF40AF200E42DD7 /* FromString.swift */; };
		1B6C71FF2272453D000D3BB1 /* ToString.swift in Sources */ = {isa = PBXBuildFile; fileRef = 1BAA60721FF40AEA00E42DD7 /* ToString.swift */; };
		1B6C72002272453D000D3BB1 /* FromUIImage.swift in Sources */ = {isa = PBXBuildFile; fileRef = 1BAA60781FF40C5800E42DD7 /* FromUIImage.swift */; };
		1B6C72012272453D000D3BB1 /* ToUIImage.swift in Sources */ = {isa = PBXBuildFile; fileRef = 1BAA60761FF40C4C00E42DD7 /* ToUIImage.swift */; };
		1B6C72022272453D000D3BB1 /* Generation.swift in Sources */ = {isa = PBXBuildFile; fileRef = 1BC34D7F20098E2F00A17481 /* Generation.swift */; };
		1B6C72032272453D000D3BB1 /* TupleMaths.swift in Sources */ = {isa = PBXBuildFile; fileRef = 1BC34D7D20098E1500A17481 /* TupleMaths.swift */; };
		1B6C72042272453D000D3BB1 /* ColourSpace.swift in Sources */ = {isa = PBXBuildFile; fileRef = 1BAA607C1FF422AE00E42DD7 /* ColourSpace.swift */; };
		1B6C72052272453D000D3BB1 /* StringCoding.swift in Sources */ = {isa = PBXBuildFile; fileRef = 1BAA607A1FF40D8900E42DD7 /* StringCoding.swift */; };
		1B6C72062272453D000D3BB1 /* ColourProbes.swift in Sources */ = {isa = PBXBuildFile; fileRef = 1BDE56D02011EC5F00569DCB /* ColourProbes.swift */; };
		1B83DED122D88D1500CAA12F /* EscapeSequences.swift in Sources */ = {isa = PBXBuildFile; fileRef = 1B83DED022D88D1500CAA12F /* EscapeSequences.swift */; };
		1B83DED222D88D1500CAA12F /* EscapeSequences.swift in Sources */ = {isa = PBXBuildFile; fileRef = 1B83DED022D88D1500CAA12F /* EscapeSequences.swift */; };
		1BAA606D1FF40A0800E42DD7 /* BlurHashEncode.swift in Sources */ = {isa = PBXBuildFile; fileRef = 1B49CD261EC47243006F8E7D /* BlurHashEncode.swift */; };
		1BAA606E1FF40A0B00E42DD7 /* BlurHashDecode.swift in Sources */ = {isa = PBXBuildFile; fileRef = 1B49CD281EC4724C006F8E7D /* BlurHashDecode.swift */; };
		1BAA60711FF40A2F00E42DD7 /* BlurHash.swift in Sources */ = {isa = PBXBuildFile; fileRef = 1BAA60701FF40A2F00E42DD7 /* BlurHash.swift */; };
		1BAA60731FF40AEA00E42DD7 /* ToString.swift in Sources */ = {isa = PBXBuildFile; fileRef = 1BAA60721FF40AEA00E42DD7 /* ToString.swift */; };
		1BAA60751FF40AF200E42DD7 /* FromString.swift in Sources */ = {isa = PBXBuildFile; fileRef = 1BAA60741FF40AF200E42DD7 /* FromString.swift */; };
		1BAA60771FF40C4C00E42DD7 /* ToUIImage.swift in Sources */ = {isa = PBXBuildFile; fileRef = 1BAA60761FF40C4C00E42DD7 /* ToUIImage.swift */; };
		1BAA60791FF40C5800E42DD7 /* FromUIImage.swift in Sources */ = {isa = PBXBuildFile; fileRef = 1BAA60781FF40C5800E42DD7 /* FromUIImage.swift */; };
		1BAA607B1FF40D8900E42DD7 /* StringCoding.swift in Sources */ = {isa = PBXBuildFile; fileRef = 1BAA607A1FF40D8900E42DD7 /* StringCoding.swift */; };
		1BAA607D1FF422AE00E42DD7 /* ColourSpace.swift in Sources */ = {isa = PBXBuildFile; fileRef = 1BAA607C1FF422AE00E42DD7 /* ColourSpace.swift */; };
		1BC34D7A2005818D00A17481 /* AdvancedViewController.swift in Sources */ = {isa = PBXBuildFile; fileRef = 1BC34D792005818D00A17481 /* AdvancedViewController.swift */; };
		1BC34D7C200988ED00A17481 /* GeneratedViewController.swift in Sources */ = {isa = PBXBuildFile; fileRef = 1BC34D7B200988ED00A17481 /* GeneratedViewController.swift */; };
		1BC34D7E20098E1500A17481 /* TupleMaths.swift in Sources */ = {isa = PBXBuildFile; fileRef = 1BC34D7D20098E1500A17481 /* TupleMaths.swift */; };
		1BC34D8020098E2F00A17481 /* Generation.swift in Sources */ = {isa = PBXBuildFile; fileRef = 1BC34D7F20098E2F00A17481 /* Generation.swift */; };
		1BDE56D12011EC5F00569DCB /* ColourProbes.swift in Sources */ = {isa = PBXBuildFile; fileRef = 1BDE56D02011EC5F00569DCB /* ColourProbes.swift */; };
/* End PBXBuildFile section */

/* Begin PBXContainerItemProxy section */
		1B0A25201EC5EA0500F25F08 /* PBXContainerItemProxy */ = {
			isa = PBXContainerItemProxy;
			containerPortal = 1B49CD121EC4721A006F8E7D /* Project object */;
			proxyType = 1;
			remoteGlobalIDString = 1B49CD1A1EC4721A006F8E7D;
			remoteInfo = BlurHash;
		};
/* End PBXContainerItemProxy section */

/* Begin PBXCopyFilesBuildPhase section */
		1B0A25221EC5EA0500F25F08 /* Embed Frameworks */ = {
			isa = PBXCopyFilesBuildPhase;
			buildActionMask = 2147483647;
			dstPath = "";
			dstSubfolderSpec = 10;
			files = (
				1B0A251F1EC5EA0500F25F08 /* BlurHashKit.framework in Embed Frameworks */,
			);
			name = "Embed Frameworks";
			runOnlyForDeploymentPostprocessing = 0;
		};
		1B2BA1BB1F0E5EC5006057C1 /* CopyFiles */ = {
			isa = PBXCopyFilesBuildPhase;
			buildActionMask = 2147483647;
			dstPath = /usr/share/man/man1/;
			dstSubfolderSpec = 0;
			files = (
			);
			runOnlyForDeploymentPostprocessing = 1;
		};
		1B6C71F42272451E000D3BB1 /* CopyFiles */ = {
			isa = PBXCopyFilesBuildPhase;
			buildActionMask = 2147483647;
			dstPath = "include/$(PRODUCT_NAME)";
			dstSubfolderSpec = 16;
			files = (
			);
			runOnlyForDeploymentPostprocessing = 0;
		};
/* End PBXCopyFilesBuildPhase section */

/* Begin PBXFileReference section */
		1B0A250C1EC5E90C00F25F08 /* BlurHashTest.app */ = {isa = PBXFileReference; explicitFileType = wrapper.application; includeInIndex = 0; path = BlurHashTest.app; sourceTree = BUILT_PRODUCTS_DIR; };
		1B0A250E1EC5E90C00F25F08 /* AppDelegate.swift */ = {isa = PBXFileReference; lastKnownFileType = sourcecode.swift; path = AppDelegate.swift; sourceTree = "<group>"; };
		1B0A25101EC5E90C00F25F08 /* SimpleViewController.swift */ = {isa = PBXFileReference; lastKnownFileType = sourcecode.swift; path = SimpleViewController.swift; sourceTree = "<group>"; };
		1B0A25131EC5E90C00F25F08 /* Base */ = {isa = PBXFileReference; lastKnownFileType = file.storyboard; name = Base; path = Base.lproj/Main.storyboard; sourceTree = "<group>"; };
		1B0A25151EC5E90C00F25F08 /* Assets.xcassets */ = {isa = PBXFileReference; lastKnownFileType = folder.assetcatalog; path = Assets.xcassets; sourceTree = "<group>"; };
		1B0A25181EC5E90C00F25F08 /* Base */ = {isa = PBXFileReference; lastKnownFileType = file.storyboard; name = Base; path = Base.lproj/LaunchScreen.storyboard; sourceTree = "<group>"; };
		1B0A251A1EC5E90C00F25F08 /* Info.plist */ = {isa = PBXFileReference; lastKnownFileType = text.plist.xml; path = Info.plist; sourceTree = "<group>"; };
		1B0A25241EC5EAB000F25F08 /* pic1.png */ = {isa = PBXFileReference; lastKnownFileType = image.png; path = pic1.png; sourceTree = "<group>"; };
		1B0A25251EC5EAB000F25F08 /* pic2.png */ = {isa = PBXFileReference; lastKnownFileType = image.png; path = pic2.png; sourceTree = "<group>"; };
		1B0A25261EC5EAB000F25F08 /* pic3.png */ = {isa = PBXFileReference; lastKnownFileType = image.png; path = pic3.png; sourceTree = "<group>"; };
		1B0A25271EC5EAB000F25F08 /* pic4.png */ = {isa = PBXFileReference; lastKnownFileType = image.png; path = pic4.png; sourceTree = "<group>"; };
		1B0A25281EC5EAB000F25F08 /* pic5.png */ = {isa = PBXFileReference; lastKnownFileType = image.png; path = pic5.png; sourceTree = "<group>"; };
		1B19DF5F2015E72B00D8FCD7 /* pic6.png */ = {isa = PBXFileReference; lastKnownFileType = image.png; path = pic6.png; sourceTree = "<group>"; };
		1B1B249320C13E9700D8EF03 /* LICENSE */ = {isa = PBXFileReference; lastKnownFileType = text; path = LICENSE; sourceTree = "<group>"; };
		1B1B249420C13E9700D8EF03 /* dev-requirements.txt */ = {isa = PBXFileReference; lastKnownFileType = text; path = "dev-requirements.txt"; sourceTree = "<group>"; };
		1B1B249620C13E9700D8EF03 /* pic2.png */ = {isa = PBXFileReference; lastKnownFileType = image.png; path = pic2.png; sourceTree = "<group>"; };
		1B1B249720C13E9700D8EF03 /* pic2_bw.png */ = {isa = PBXFileReference; lastKnownFileType = image.png; path = pic2_bw.png; sourceTree = "<group>"; };
		1B1B249820C13E9700D8EF03 /* test_encode.py */ = {isa = PBXFileReference; lastKnownFileType = text.script.python; path = test_encode.py; sourceTree = "<group>"; };
		1B1B249920C13E9700D8EF03 /* MANIFEST.in */ = {isa = PBXFileReference; lastKnownFileType = text; path = MANIFEST.in; sourceTree = "<group>"; };
		1B1B249A20C13E9700D8EF03 /* README.md */ = {isa = PBXFileReference; lastKnownFileType = net.daringfireball.markdown; path = README.md; sourceTree = "<group>"; };
		1B1B249B20C13E9700D8EF03 /* setup.py */ = {isa = PBXFileReference; lastKnownFileType = text.script.python; path = setup.py; sourceTree = "<group>"; };
		1B1B249D20C13E9700D8EF03 /* tox.ini */ = {isa = PBXFileReference; lastKnownFileType = text; path = tox.ini; sourceTree = "<group>"; };
		1B1B249E20C13E9700D8EF03 /* setup.cfg */ = {isa = PBXFileReference; lastKnownFileType = text; path = setup.cfg; sourceTree = "<group>"; };
		1B1B24FF20C13E9700D8EF03 /* config.yml */ = {isa = PBXFileReference; lastKnownFileType = text; path = config.yml; sourceTree = "<group>"; };
		1B1B250220C13E9700D8EF03 /* __init__.py */ = {isa = PBXFileReference; lastKnownFileType = text.script.python; path = __init__.py; sourceTree = "<group>"; };
		1B1B250320C13E9700D8EF03 /* encode.c */ = {isa = PBXFileReference; lastKnownFileType = sourcecode.c.c; path = encode.c; sourceTree = "<group>"; };
		1B1B250420C13E9700D8EF03 /* build_blurhash.py */ = {isa = PBXFileReference; lastKnownFileType = text.script.python; path = build_blurhash.py; sourceTree = "<group>"; };
		1B1B250520C13E9700D8EF03 /* encode.h */ = {isa = PBXFileReference; lastKnownFileType = sourcecode.c.h; path = encode.h; sourceTree = "<group>"; };
		1B1B250620C1491900D8EF03 /* Readme.md */ = {isa = PBXFileReference; lastKnownFileType = net.daringfireball.markdown; path = Readme.md; sourceTree = "<group>"; };
		1B2BA1BD1F0E5EC5006057C1 /* blurhash */ = {isa = PBXFileReference; explicitFileType = "compiled.mach-o.executable"; includeInIndex = 0; path = blurhash; sourceTree = BUILT_PRODUCTS_DIR; };
		1B2BA1C41F0E5ED6006057C1 /* blurhash_stb.c */ = {isa = PBXFileReference; fileEncoding = 4; lastKnownFileType = sourcecode.c.c; path = blurhash_stb.c; sourceTree = "<group>"; };
		1B2BA1C81F0E5EE3006057C1 /* encode.c */ = {isa = PBXFileReference; fileEncoding = 4; lastKnownFileType = sourcecode.c.c; path = encode.c; sourceTree = "<group>"; };
		1B2BA1C91F0E5EE3006057C1 /* encode.h */ = {isa = PBXFileReference; fileEncoding = 4; lastKnownFileType = sourcecode.c.h; path = encode.h; sourceTree = "<group>"; };
		1B2BA1CC1F0E692F006057C1 /* stb_image.h */ = {isa = PBXFileReference; fileEncoding = 4; lastKnownFileType = sourcecode.c.h; path = stb_image.h; sourceTree = "<group>"; };
		1B49CD1B1EC4721A006F8E7D /* BlurHashKit.framework */ = {isa = PBXFileReference; explicitFileType = wrapper.framework; includeInIndex = 0; path = BlurHashKit.framework; sourceTree = BUILT_PRODUCTS_DIR; };
		1B49CD1F1EC4721A006F8E7D /* Info.plist */ = {isa = PBXFileReference; lastKnownFileType = text.plist.xml; path = Info.plist; sourceTree = "<group>"; };
		1B49CD261EC47243006F8E7D /* BlurHashEncode.swift */ = {isa = PBXFileReference; fileEncoding = 4; lastKnownFileType = sourcecode.swift; path = BlurHashEncode.swift; sourceTree = "<group>"; };
		1B49CD281EC4724C006F8E7D /* BlurHashDecode.swift */ = {isa = PBXFileReference; fileEncoding = 4; lastKnownFileType = sourcecode.swift; path = BlurHashDecode.swift; sourceTree = "<group>"; };
		1B6C71F122724500000D3BB1 /* BlurHashKit copy-Info.plist */ = {isa = PBXFileReference; lastKnownFileType = text.plist.xml; name = "BlurHashKit copy-Info.plist"; path = "/Users/dag/Code/Toot/BlurHash/BlurHashKit copy-Info.plist"; sourceTree = "<absolute>"; };
		1B6C71F62272451E000D3BB1 /* libBlurHashKit.a */ = {isa = PBXFileReference; explicitFileType = archive.ar; includeInIndex = 0; path = libBlurHashKit.a; sourceTree = BUILT_PRODUCTS_DIR; };
		1B83DED022D88D1500CAA12F /* EscapeSequences.swift */ = {isa = PBXFileReference; fileEncoding = 4; lastKnownFileType = sourcecode.swift; path = EscapeSequences.swift; sourceTree = "<group>"; };
		1BAA60701FF40A2F00E42DD7 /* BlurHash.swift */ = {isa = PBXFileReference; lastKnownFileType = sourcecode.swift; path = BlurHash.swift; sourceTree = "<group>"; };
		1BAA60721FF40AEA00E42DD7 /* ToString.swift */ = {isa = PBXFileReference; lastKnownFileType = sourcecode.swift; path = ToString.swift; sourceTree = "<group>"; };
		1BAA60741FF40AF200E42DD7 /* FromString.swift */ = {isa = PBXFileReference; lastKnownFileType = sourcecode.swift; path = FromString.swift; sourceTree = "<group>"; };
		1BAA60761FF40C4C00E42DD7 /* ToUIImage.swift */ = {isa = PBXFileReference; lastKnownFileType = sourcecode.swift; path = ToUIImage.swift; sourceTree = "<group>"; };
		1BAA60781FF40C5800E42DD7 /* FromUIImage.swift */ = {isa = PBXFileReference; lastKnownFileType = sourcecode.swift; path = FromUIImage.swift; sourceTree = "<group>"; };
		1BAA607A1FF40D8900E42DD7 /* StringCoding.swift */ = {isa = PBXFileReference; lastKnownFileType = sourcecode.swift; path = StringCoding.swift; sourceTree = "<group>"; };
		1BAA607C1FF422AE00E42DD7 /* ColourSpace.swift */ = {isa = PBXFileReference; lastKnownFileType = sourcecode.swift; path = ColourSpace.swift; sourceTree = "<group>"; };
		1BC34D792005818D00A17481 /* AdvancedViewController.swift */ = {isa = PBXFileReference; fileEncoding = 4; lastKnownFileType = sourcecode.swift; path = AdvancedViewController.swift; sourceTree = "<group>"; };
		1BC34D7B200988ED00A17481 /* GeneratedViewController.swift */ = {isa = PBXFileReference; fileEncoding = 4; lastKnownFileType = sourcecode.swift; path = GeneratedViewController.swift; sourceTree = "<group>"; };
		1BC34D7D20098E1500A17481 /* TupleMaths.swift */ = {isa = PBXFileReference; lastKnownFileType = sourcecode.swift; path = TupleMaths.swift; sourceTree = "<group>"; };
		1BC34D7F20098E2F00A17481 /* Generation.swift */ = {isa = PBXFileReference; lastKnownFileType = sourcecode.swift; path = Generation.swift; sourceTree = "<group>"; };
		1BDE56D02011EC5F00569DCB /* ColourProbes.swift */ = {isa = PBXFileReference; lastKnownFileType = sourcecode.swift; path = ColourProbes.swift; sourceTree = "<group>"; };
		1BEFFFA720BEE66400187F3F /* index.html */ = {isa = PBXFileReference; lastKnownFileType = text.html; path = index.html; sourceTree = "<group>"; };
		1BEFFFB520BEE66400187F3F /* webpack.config.js */ = {isa = PBXFileReference; lastKnownFileType = sourcecode.javascript; path = webpack.config.js; sourceTree = "<group>"; };
		1BEFFFB720BEE66400187F3F /* package.json */ = {isa = PBXFileReference; lastKnownFileType = text.json; path = package.json; sourceTree = "<group>"; };
		1BEFFFB820BEE66400187F3F /* tsconfig.json */ = {isa = PBXFileReference; lastKnownFileType = text.json; path = tsconfig.json; sourceTree = "<group>"; };
		1BEFFFBA20BEE66400187F3F /* decode.ts */ = {isa = PBXFileReference; explicitFileType = sourcecode.javascript; path = decode.ts; sourceTree = "<group>"; };
		1BEFFFBB20BEE66400187F3F /* demo.ts */ = {isa = PBXFileReference; explicitFileType = sourcecode.javascript; path = demo.ts; sourceTree = "<group>"; };
		1BEFFFBC20BEE66400187F3F /* utils.ts */ = {isa = PBXFileReference; explicitFileType = sourcecode.javascript; path = utils.ts; sourceTree = "<group>"; };
		1BEFFFBD20BEE66400187F3F /* index.ts */ = {isa = PBXFileReference; explicitFileType = sourcecode.javascript; path = index.ts; sourceTree = "<group>"; };
		1BEFFFBE20BEE66400187F3F /* base83.ts */ = {isa = PBXFileReference; explicitFileType = sourcecode.javascript; path = base83.ts; sourceTree = "<group>"; };
		1BEFFFBF20BFDC1600187F3F /* Makefile */ = {isa = PBXFileReference; lastKnownFileType = sourcecode.make; path = Makefile; sourceTree = "<group>"; };
		1BEFFFC120BFE05600187F3F /* BlurHashDecoder.kt */ = {isa = PBXFileReference; lastKnownFileType = text; name = BlurHashDecoder.kt; path = lib/src/main/java/com/wolt/blurhashkt/BlurHashDecoder.kt; sourceTree = "<group>"; };
		1BEFFFC220BFE33E00187F3F /* Readme.md */ = {isa = PBXFileReference; lastKnownFileType = net.daringfireball.markdown; path = Readme.md; sourceTree = "<group>"; };
		1BEFFFC320BFE34800187F3F /* Readme.md */ = {isa = PBXFileReference; lastKnownFileType = net.daringfireball.markdown; name = Readme.md; path = ../Readme.md; sourceTree = "<group>"; };
		1BEFFFC420BFE35300187F3F /* Readme.md */ = {isa = PBXFileReference; lastKnownFileType = net.daringfireball.markdown; path = Readme.md; sourceTree = "<group>"; };
		1BEFFFC520BFE35D00187F3F /* Readme.md */ = {isa = PBXFileReference; lastKnownFileType = net.daringfireball.markdown; path = Readme.md; sourceTree = "<group>"; };
		1BEFFFC620BFF7B100187F3F /* Algorithm.md */ = {isa = PBXFileReference; lastKnownFileType = net.daringfireball.markdown; name = Algorithm.md; path = ../Algorithm.md; sourceTree = "<group>"; };
		1BEFFFC720BFF7B100187F3F /* CodeOfConduct.md */ = {isa = PBXFileReference; lastKnownFileType = net.daringfireball.markdown; name = CodeOfConduct.md; path = ../CodeOfConduct.md; sourceTree = "<group>"; };
		1BEFFFC820C000DE00187F3F /* License.txt */ = {isa = PBXFileReference; lastKnownFileType = text; path = License.txt; sourceTree = "<group>"; };
/* End PBXFileReference section */

/* Begin PBXFrameworksBuildPhase section */
		1B0A25091EC5E90C00F25F08 /* Frameworks */ = {
			isa = PBXFrameworksBuildPhase;
			buildActionMask = 2147483647;
			files = (
				1B0A251E1EC5EA0500F25F08 /* BlurHashKit.framework in Frameworks */,
			);
			runOnlyForDeploymentPostprocessing = 0;
		};
		1B2BA1BA1F0E5EC5006057C1 /* Frameworks */ = {
			isa = PBXFrameworksBuildPhase;
			buildActionMask = 2147483647;
			files = (
			);
			runOnlyForDeploymentPostprocessing = 0;
		};
		1B49CD171EC4721A006F8E7D /* Frameworks */ = {
			isa = PBXFrameworksBuildPhase;
			buildActionMask = 2147483647;
			files = (
			);
			runOnlyForDeploymentPostprocessing = 0;
		};
		1B6C71F32272451E000D3BB1 /* Frameworks */ = {
			isa = PBXFrameworksBuildPhase;
			buildActionMask = 2147483647;
			files = (
			);
			runOnlyForDeploymentPostprocessing = 0;
		};
/* End PBXFrameworksBuildPhase section */

/* Begin PBXGroup section */
		1B0A250D1EC5E90C00F25F08 /* BlurHashTest */ = {
			isa = PBXGroup;
			children = (
				1B0A25231EC5EAA300F25F08 /* Images */,
				1B0A250E1EC5E90C00F25F08 /* AppDelegate.swift */,
				1B0A25101EC5E90C00F25F08 /* SimpleViewController.swift */,
				1BC34D792005818D00A17481 /* AdvancedViewController.swift */,
				1BC34D7B200988ED00A17481 /* GeneratedViewController.swift */,
				1B0A25121EC5E90C00F25F08 /* Main.storyboard */,
				1B0A25151EC5E90C00F25F08 /* Assets.xcassets */,
				1B0A25171EC5E90C00F25F08 /* LaunchScreen.storyboard */,
				1B0A251A1EC5E90C00F25F08 /* Info.plist */,
			);
			path = BlurHashTest;
			sourceTree = "<group>";
		};
		1B0A25231EC5EAA300F25F08 /* Images */ = {
			isa = PBXGroup;
			children = (
				1B0A25241EC5EAB000F25F08 /* pic1.png */,
				1B0A25251EC5EAB000F25F08 /* pic2.png */,
				1B0A25261EC5EAB000F25F08 /* pic3.png */,
				1B0A25271EC5EAB000F25F08 /* pic4.png */,
				1B0A25281EC5EAB000F25F08 /* pic5.png */,
				1B19DF5F2015E72B00D8FCD7 /* pic6.png */,
			);
			name = Images;
			sourceTree = "<group>";
		};
		1B1B249220C13E9700D8EF03 /* Python */ = {
			isa = PBXGroup;
			children = (
				1B1B250020C13E9700D8EF03 /* src */,
				1B1B249520C13E9700D8EF03 /* tests */,
				1B1B24FE20C13E9700D8EF03 /* .circleci */,
				1B1B249420C13E9700D8EF03 /* dev-requirements.txt */,
				1B1B249320C13E9700D8EF03 /* LICENSE */,
				1B1B249920C13E9700D8EF03 /* MANIFEST.in */,
				1B1B249A20C13E9700D8EF03 /* README.md */,
				1B1B249E20C13E9700D8EF03 /* setup.cfg */,
				1B1B249B20C13E9700D8EF03 /* setup.py */,
				1B1B249D20C13E9700D8EF03 /* tox.ini */,
			);
			name = Python;
			path = ../Python;
			sourceTree = "<group>";
		};
		1B1B249520C13E9700D8EF03 /* tests */ = {
			isa = PBXGroup;
			children = (
				1B1B249620C13E9700D8EF03 /* pic2.png */,
				1B1B249720C13E9700D8EF03 /* pic2_bw.png */,
				1B1B249820C13E9700D8EF03 /* test_encode.py */,
			);
			path = tests;
			sourceTree = "<group>";
		};
		1B1B24FE20C13E9700D8EF03 /* .circleci */ = {
			isa = PBXGroup;
			children = (
				1B1B24FF20C13E9700D8EF03 /* config.yml */,
			);
			path = .circleci;
			sourceTree = "<group>";
		};
		1B1B250020C13E9700D8EF03 /* src */ = {
			isa = PBXGroup;
			children = (
				1B1B250120C13E9700D8EF03 /* blurhash */,
				1B1B250420C13E9700D8EF03 /* build_blurhash.py */,
				1B1B250320C13E9700D8EF03 /* encode.c */,
				1B1B250520C13E9700D8EF03 /* encode.h */,
			);
			path = src;
			sourceTree = "<group>";
		};
		1B1B250120C13E9700D8EF03 /* blurhash */ = {
			isa = PBXGroup;
			children = (
				1B1B250220C13E9700D8EF03 /* __init__.py */,
			);
			path = blurhash;
			sourceTree = "<group>";
		};
		1B2BA1B81F0E5E91006057C1 /* C */ = {
			isa = PBXGroup;
			children = (
				1B2BA1C41F0E5ED6006057C1 /* blurhash_stb.c */,
				1B2BA1C81F0E5EE3006057C1 /* encode.c */,
				1B2BA1C91F0E5EE3006057C1 /* encode.h */,
				1B2BA1CC1F0E692F006057C1 /* stb_image.h */,
				1BEFFFBF20BFDC1600187F3F /* Makefile */,
				1B1B250620C1491900D8EF03 /* Readme.md */,
			);
			name = C;
			path = ../C;
			sourceTree = "<group>";
		};
		1B49CD111EC4721A006F8E7D = {
			isa = PBXGroup;
			children = (
				1B49CD1D1EC4721A006F8E7D /* Swift */,
				1B2BA1B81F0E5E91006057C1 /* C */,
				1BEFFFC020BFE05600187F3F /* Kotlin */,
				1BEFFFA420BEE66400187F3F /* TypeScript */,
				1B1B249220C13E9700D8EF03 /* Python */,
				1BEFFFC620BFF7B100187F3F /* Algorithm.md */,
				1BEFFFC720BFF7B100187F3F /* CodeOfConduct.md */,
				1BEFFFC820C000DE00187F3F /* License.txt */,
				1BEFFFC320BFE34800187F3F /* Readme.md */,
				1B49CD1C1EC4721A006F8E7D /* Products */,
				1B6C71F122724500000D3BB1 /* BlurHashKit copy-Info.plist */,
			);
			sourceTree = "<group>";
		};
		1B49CD1C1EC4721A006F8E7D /* Products */ = {
			isa = PBXGroup;
			children = (
				1B49CD1B1EC4721A006F8E7D /* BlurHashKit.framework */,
				1B0A250C1EC5E90C00F25F08 /* BlurHashTest.app */,
				1B2BA1BD1F0E5EC5006057C1 /* blurhash */,
				1B6C71F62272451E000D3BB1 /* libBlurHashKit.a */,
			);
			name = Products;
			sourceTree = "<group>";
		};
		1B49CD1D1EC4721A006F8E7D /* Swift */ = {
			isa = PBXGroup;
			children = (
				1B0A250D1EC5E90C00F25F08 /* BlurHashTest */,
				1BAA606F1FF40A1E00E42DD7 /* BlurHashKit */,
				1B49CD261EC47243006F8E7D /* BlurHashEncode.swift */,
				1B49CD281EC4724C006F8E7D /* BlurHashDecode.swift */,
				1BEFFFC420BFE35300187F3F /* Readme.md */,
			);
			name = Swift;
			sourceTree = "<group>";
		};
		1BAA606F1FF40A1E00E42DD7 /* BlurHashKit */ = {
			isa = PBXGroup;
			children = (
				1BAA60701FF40A2F00E42DD7 /* BlurHash.swift */,
				1B83DED022D88D1500CAA12F /* EscapeSequences.swift */,
				1BAA60741FF40AF200E42DD7 /* FromString.swift */,
				1BAA60721FF40AEA00E42DD7 /* ToString.swift */,
				1BAA60781FF40C5800E42DD7 /* FromUIImage.swift */,
				1BAA60761FF40C4C00E42DD7 /* ToUIImage.swift */,
				1BC34D7F20098E2F00A17481 /* Generation.swift */,
				1BC34D7D20098E1500A17481 /* TupleMaths.swift */,
				1BAA607C1FF422AE00E42DD7 /* ColourSpace.swift */,
				1BAA607A1FF40D8900E42DD7 /* StringCoding.swift */,
				1BDE56D02011EC5F00569DCB /* ColourProbes.swift */,
				1B49CD1F1EC4721A006F8E7D /* Info.plist */,
			);
			path = BlurHashKit;
			sourceTree = "<group>";
		};
		1BEFFFA420BEE66400187F3F /* TypeScript */ = {
			isa = PBXGroup;
			children = (
				1BEFFFA620BEE66400187F3F /* demo */,
				1BEFFFB920BEE66400187F3F /* src */,
				1BEFFFB520BEE66400187F3F /* webpack.config.js */,
				1BEFFFB720BEE66400187F3F /* package.json */,
				1BEFFFB820BEE66400187F3F /* tsconfig.json */,
				1BEFFFC520BFE35D00187F3F /* Readme.md */,
			);
			name = TypeScript;
			path = ../TypeScript;
			sourceTree = "<group>";
		};
		1BEFFFA620BEE66400187F3F /* demo */ = {
			isa = PBXGroup;
			children = (
				1BEFFFA720BEE66400187F3F /* index.html */,
			);
			path = demo;
			sourceTree = "<group>";
		};
		1BEFFFB920BEE66400187F3F /* src */ = {
			isa = PBXGroup;
			children = (
				1BEFFFBA20BEE66400187F3F /* decode.ts */,
				1BEFFFBB20BEE66400187F3F /* demo.ts */,
				1BEFFFBC20BEE66400187F3F /* utils.ts */,
				1BEFFFBD20BEE66400187F3F /* index.ts */,
				1BEFFFBE20BEE66400187F3F /* base83.ts */,
			);
			path = src;
			sourceTree = "<group>";
		};
		1BEFFFC020BFE05600187F3F /* Kotlin */ = {
			isa = PBXGroup;
			children = (
				1BEFFFC120BFE05600187F3F /* BlurHashDecoder.kt */,
				1BEFFFC220BFE33E00187F3F /* Readme.md */,
			);
			name = Kotlin;
			path = ../Kotlin;
			sourceTree = "<group>";
		};
/* End PBXGroup section */

/* Begin PBXHeadersBuildPhase section */
		1B49CD181EC4721A006F8E7D /* Headers */ = {
			isa = PBXHeadersBuildPhase;
			buildActionMask = 2147483647;
			files = (
			);
			runOnlyForDeploymentPostprocessing = 0;
		};
/* End PBXHeadersBuildPhase section */

/* Begin PBXNativeTarget section */
		1B0A250B1EC5E90C00F25F08 /* BlurHashTest */ = {
			isa = PBXNativeTarget;
			buildConfigurationList = 1B0A251D1EC5E90C00F25F08 /* Build configuration list for PBXNativeTarget "BlurHashTest" */;
			buildPhases = (
				1B0A25081EC5E90C00F25F08 /* Sources */,
				1B0A25091EC5E90C00F25F08 /* Frameworks */,
				1B0A250A1EC5E90C00F25F08 /* Resources */,
				1B0A25221EC5EA0500F25F08 /* Embed Frameworks */,
			);
			buildRules = (
			);
			dependencies = (
				1B0A25211EC5EA0500F25F08 /* PBXTargetDependency */,
			);
			name = BlurHashTest;
			productName = BlurHashTest;
			productReference = 1B0A250C1EC5E90C00F25F08 /* BlurHashTest.app */;
			productType = "com.apple.product-type.application";
		};
		1B2BA1BC1F0E5EC5006057C1 /* blurhash */ = {
			isa = PBXNativeTarget;
			buildConfigurationList = 1B2BA1C11F0E5EC6006057C1 /* Build configuration list for PBXNativeTarget "blurhash" */;
			buildPhases = (
				1B2BA1B91F0E5EC5006057C1 /* Sources */,
				1B2BA1BA1F0E5EC5006057C1 /* Frameworks */,
				1B2BA1BB1F0E5EC5006057C1 /* CopyFiles */,
			);
			buildRules = (
			);
			dependencies = (
			);
			name = blurhash;
			productName = blurhash;
			productReference = 1B2BA1BD1F0E5EC5006057C1 /* blurhash */;
			productType = "com.apple.product-type.tool";
		};
		1B49CD1A1EC4721A006F8E7D /* BlurHashKit */ = {
			isa = PBXNativeTarget;
			buildConfigurationList = 1B49CD231EC4721A006F8E7D /* Build configuration list for PBXNativeTarget "BlurHashKit" */;
			buildPhases = (
				1B49CD161EC4721A006F8E7D /* Sources */,
				1B49CD171EC4721A006F8E7D /* Frameworks */,
				1B49CD181EC4721A006F8E7D /* Headers */,
				1B49CD191EC4721A006F8E7D /* Resources */,
			);
			buildRules = (
			);
			dependencies = (
			);
			name = BlurHashKit;
			productName = Blurhash;
			productReference = 1B49CD1B1EC4721A006F8E7D /* BlurHashKit.framework */;
			productType = "com.apple.product-type.framework";
		};
		1B6C71F52272451E000D3BB1 /* libBlurHashKit */ = {
			isa = PBXNativeTarget;
			buildConfigurationList = 1B6C71FA2272451E000D3BB1 /* Build configuration list for PBXNativeTarget "libBlurHashKit" */;
			buildPhases = (
				1B6C71F22272451E000D3BB1 /* Sources */,
				1B6C71F32272451E000D3BB1 /* Frameworks */,
				1B6C71F42272451E000D3BB1 /* CopyFiles */,
			);
			buildRules = (
			);
			dependencies = (
			);
			name = libBlurHashKit;
			productName = libBlurHash;
			productReference = 1B6C71F62272451E000D3BB1 /* libBlurHashKit.a */;
			productType = "com.apple.product-type.library.static";
		};
/* End PBXNativeTarget section */

/* Begin PBXProject section */
		1B49CD121EC4721A006F8E7D /* Project object */ = {
			isa = PBXProject;
			attributes = {
				DefaultBuildSystemTypeForWorkspace = Latest;
				LastSwiftUpdateCheck = 1020;
				LastUpgradeCheck = 0930;
				ORGANIZATIONNAME = "Dag Ågren";
				TargetAttributes = {
					1B0A250B1EC5E90C00F25F08 = {
						CreatedOnToolsVersion = 8.3.2;
						DevelopmentTeam = 6GE6LAAR8V;
						LastSwiftMigration = 0920;
						ProvisioningStyle = Automatic;
					};
					1B2BA1BC1F0E5EC5006057C1 = {
						CreatedOnToolsVersion = 8.3.3;
						DevelopmentTeam = 6GE6LAAR8V;
						ProvisioningStyle = Automatic;
					};
					1B49CD1A1EC4721A006F8E7D = {
						CreatedOnToolsVersion = 8.3.2;
						DevelopmentTeam = 6GE6LAAR8V;
						LastSwiftMigration = 0920;
						ProvisioningStyle = Automatic;
					};
					1B6C71F52272451E000D3BB1 = {
						CreatedOnToolsVersion = 10.2;
						DevelopmentTeam = M9KXCWYWYR;
						ProvisioningStyle = Automatic;
					};
				};
			};
			buildConfigurationList = 1B49CD151EC4721A006F8E7D /* Build configuration list for PBXProject "BlurHash" */;
			compatibilityVersion = "Xcode 3.2";
			developmentRegion = English;
			hasScannedForEncodings = 0;
			knownRegions = (
				English,
				en,
				Base,
			);
			mainGroup = 1B49CD111EC4721A006F8E7D;
			productRefGroup = 1B49CD1C1EC4721A006F8E7D /* Products */;
			projectDirPath = "";
			projectRoot = "";
			targets = (
				1B49CD1A1EC4721A006F8E7D /* BlurHashKit */,
				1B6C71F52272451E000D3BB1 /* libBlurHashKit */,
				1B0A250B1EC5E90C00F25F08 /* BlurHashTest */,
				1B2BA1BC1F0E5EC5006057C1 /* blurhash */,
			);
		};
/* End PBXProject section */

/* Begin PBXResourcesBuildPhase section */
		1B0A250A1EC5E90C00F25F08 /* Resources */ = {
			isa = PBXResourcesBuildPhase;
			buildActionMask = 2147483647;
			files = (
				1B0A25291EC5EAB000F25F08 /* pic1.png in Resources */,
				1B0A252A1EC5EAB000F25F08 /* pic2.png in Resources */,
				1B0A252B1EC5EAB000F25F08 /* pic3.png in Resources */,
				1B0A252C1EC5EAB000F25F08 /* pic4.png in Resources */,
				1B19DF602015E72C00D8FCD7 /* pic6.png in Resources */,
				1B0A252D1EC5EAB000F25F08 /* pic5.png in Resources */,
				1B0A25191EC5E90C00F25F08 /* LaunchScreen.storyboard in Resources */,
				1B0A25161EC5E90C00F25F08 /* Assets.xcassets in Resources */,
				1B0A25141EC5E90C00F25F08 /* Main.storyboard in Resources */,
			);
			runOnlyForDeploymentPostprocessing = 0;
		};
		1B49CD191EC4721A006F8E7D /* Resources */ = {
			isa = PBXResourcesBuildPhase;
			buildActionMask = 2147483647;
			files = (
			);
			runOnlyForDeploymentPostprocessing = 0;
		};
/* End PBXResourcesBuildPhase section */

/* Begin PBXSourcesBuildPhase section */
		1B0A25081EC5E90C00F25F08 /* Sources */ = {
			isa = PBXSourcesBuildPhase;
			buildActionMask = 2147483647;
			files = (
				1BAA606E1FF40A0B00E42DD7 /* BlurHashDecode.swift in Sources */,
				1BC34D7A2005818D00A17481 /* AdvancedViewController.swift in Sources */,
				1B0A25111EC5E90C00F25F08 /* SimpleViewController.swift in Sources */,
				1BAA606D1FF40A0800E42DD7 /* BlurHashEncode.swift in Sources */,
				1BC34D7C200988ED00A17481 /* GeneratedViewController.swift in Sources */,
				1B0A250F1EC5E90C00F25F08 /* AppDelegate.swift in Sources */,
			);
			runOnlyForDeploymentPostprocessing = 0;
		};
		1B2BA1B91F0E5EC5006057C1 /* Sources */ = {
			isa = PBXSourcesBuildPhase;
			buildActionMask = 2147483647;
			files = (
				1B2BA1CB1F0E5EEA006057C1 /* blurhash_stb.c in Sources */,
				1B2BA1CA1F0E5EE3006057C1 /* encode.c in Sources */,
			);
			runOnlyForDeploymentPostprocessing = 0;
		};
		1B49CD161EC4721A006F8E7D /* Sources */ = {
			isa = PBXSourcesBuildPhase;
			buildActionMask = 2147483647;
			files = (
				1BAA60711FF40A2F00E42DD7 /* BlurHash.swift in Sources */,
				1BAA607D1FF422AE00E42DD7 /* ColourSpace.swift in Sources */,
				1BC34D7E20098E1500A17481 /* TupleMaths.swift in Sources */,
				1BAA60751FF40AF200E42DD7 /* FromString.swift in Sources */,
				1BAA607B1FF40D8900E42DD7 /* StringCoding.swift in Sources */,
				1BAA60771FF40C4C00E42DD7 /* ToUIImage.swift in Sources */,
				1B83DED122D88D1500CAA12F /* EscapeSequences.swift in Sources */,
				1BAA60731FF40AEA00E42DD7 /* ToString.swift in Sources */,
				1BC34D8020098E2F00A17481 /* Generation.swift in Sources */,
				1BDE56D12011EC5F00569DCB /* ColourProbes.swift in Sources */,
				1BAA60791FF40C5800E42DD7 /* FromUIImage.swift in Sources */,
			);
			runOnlyForDeploymentPostprocessing = 0;
		};
		1B6C71F22272451E000D3BB1 /* Sources */ = {
			isa = PBXSourcesBuildPhase;
			buildActionMask = 2147483647;
			files = (
				1B6C71FE2272453D000D3BB1 /* FromString.swift in Sources */,
				1B6C72022272453D000D3BB1 /* Generation.swift in Sources */,
				1B6C72032272453D000D3BB1 /* TupleMaths.swift in Sources */,
				1B6C72002272453D000D3BB1 /* FromUIImage.swift in Sources */,
				1B6C72042272453D000D3BB1 /* ColourSpace.swift in Sources */,
				1B6C72052272453D000D3BB1 /* StringCoding.swift in Sources */,
				1B83DED222D88D1500CAA12F /* EscapeSequences.swift in Sources */,
				1B6C71FF2272453D000D3BB1 /* ToString.swift in Sources */,
				1B6C71FD2272453D000D3BB1 /* BlurHash.swift in Sources */,
				1B6C72062272453D000D3BB1 /* ColourProbes.swift in Sources */,
				1B6C72012272453D000D3BB1 /* ToUIImage.swift in Sources */,
			);
			runOnlyForDeploymentPostprocessing = 0;
		};
/* End PBXSourcesBuildPhase section */

/* Begin PBXTargetDependency section */
		1B0A25211EC5EA0500F25F08 /* PBXTargetDependency */ = {
			isa = PBXTargetDependency;
			target = 1B49CD1A1EC4721A006F8E7D /* BlurHashKit */;
			targetProxy = 1B0A25201EC5EA0500F25F08 /* PBXContainerItemProxy */;
		};
/* End PBXTargetDependency section */

/* Begin PBXVariantGroup section */
		1B0A25121EC5E90C00F25F08 /* Main.storyboard */ = {
			isa = PBXVariantGroup;
			children = (
				1B0A25131EC5E90C00F25F08 /* Base */,
			);
			name = Main.storyboard;
			sourceTree = "<group>";
		};
		1B0A25171EC5E90C00F25F08 /* LaunchScreen.storyboard */ = {
			isa = PBXVariantGroup;
			children = (
				1B0A25181EC5E90C00F25F08 /* Base */,
			);
			name = LaunchScreen.storyboard;
			sourceTree = "<group>";
		};
/* End PBXVariantGroup section */

/* Begin XCBuildConfiguration section */
		1B0A251B1EC5E90C00F25F08 /* Debug */ = {
			isa = XCBuildConfiguration;
			buildSettings = {
				ALWAYS_EMBED_SWIFT_STANDARD_LIBRARIES = YES;
				ASSETCATALOG_COMPILER_APPICON_NAME = AppIcon;
				DEVELOPMENT_TEAM = 6GE6LAAR8V;
				INFOPLIST_FILE = BlurHashTest/Info.plist;
				LD_RUNPATH_SEARCH_PATHS = "$(inherited) @executable_path/Frameworks";
				PRODUCT_BUNDLE_IDENTIFIER = com.wolt.BlurHashTest;
				PRODUCT_NAME = "$(TARGET_NAME)";
				SWIFT_VERSION = 4.0;
			};
			name = Debug;
		};
		1B0A251C1EC5E90C00F25F08 /* Release */ = {
			isa = XCBuildConfiguration;
			buildSettings = {
				ALWAYS_EMBED_SWIFT_STANDARD_LIBRARIES = YES;
				ASSETCATALOG_COMPILER_APPICON_NAME = AppIcon;
				DEVELOPMENT_TEAM = 6GE6LAAR8V;
				INFOPLIST_FILE = BlurHashTest/Info.plist;
				LD_RUNPATH_SEARCH_PATHS = "$(inherited) @executable_path/Frameworks";
				PRODUCT_BUNDLE_IDENTIFIER = com.wolt.BlurHashTest;
				PRODUCT_NAME = "$(TARGET_NAME)";
				SWIFT_VERSION = 4.0;
			};
			name = Release;
		};
		1B2BA1C21F0E5EC6006057C1 /* Debug */ = {
			isa = XCBuildConfiguration;
			buildSettings = {
				CODE_SIGN_IDENTITY = "-";
				DEVELOPMENT_TEAM = 6GE6LAAR8V;
				MACOSX_DEPLOYMENT_TARGET = 10.12;
				PRODUCT_NAME = "$(TARGET_NAME)";
				SDKROOT = macosx;
			};
			name = Debug;
		};
		1B2BA1C31F0E5EC6006057C1 /* Release */ = {
			isa = XCBuildConfiguration;
			buildSettings = {
				CODE_SIGN_IDENTITY = "-";
				DEVELOPMENT_TEAM = 6GE6LAAR8V;
				MACOSX_DEPLOYMENT_TARGET = 10.12;
				PRODUCT_NAME = "$(TARGET_NAME)";
				SDKROOT = macosx;
			};
			name = Release;
		};
		1B49CD211EC4721A006F8E7D /* Debug */ = {
			isa = XCBuildConfiguration;
			buildSettings = {
				ALWAYS_SEARCH_USER_PATHS = NO;
				CLANG_ANALYZER_NONNULL = YES;
				CLANG_ANALYZER_NUMBER_OBJECT_CONVERSION = YES_AGGRESSIVE;
				CLANG_CXX_LANGUAGE_STANDARD = "gnu++0x";
				CLANG_CXX_LIBRARY = "libc++";
				CLANG_ENABLE_MODULES = YES;
				CLANG_ENABLE_OBJC_ARC = YES;
				CLANG_WARN_BLOCK_CAPTURE_AUTORELEASING = YES;
				CLANG_WARN_BOOL_CONVERSION = YES;
				CLANG_WARN_COMMA = YES;
				CLANG_WARN_CONSTANT_CONVERSION = YES;
				CLANG_WARN_DEPRECATED_OBJC_IMPLEMENTATIONS = YES;
				CLANG_WARN_DIRECT_OBJC_ISA_USAGE = YES_ERROR;
				CLANG_WARN_DOCUMENTATION_COMMENTS = YES;
				CLANG_WARN_EMPTY_BODY = YES;
				CLANG_WARN_ENUM_CONVERSION = YES;
				CLANG_WARN_INFINITE_RECURSION = YES;
				CLANG_WARN_INT_CONVERSION = YES;
				CLANG_WARN_NON_LITERAL_NULL_CONVERSION = YES;
				CLANG_WARN_OBJC_IMPLICIT_RETAIN_SELF = YES;
				CLANG_WARN_OBJC_LITERAL_CONVERSION = YES;
				CLANG_WARN_OBJC_ROOT_CLASS = YES_ERROR;
				CLANG_WARN_RANGE_LOOP_ANALYSIS = YES;
				CLANG_WARN_STRICT_PROTOTYPES = YES;
				CLANG_WARN_SUSPICIOUS_MOVE = YES;
				CLANG_WARN_UNREACHABLE_CODE = YES;
				CLANG_WARN__DUPLICATE_METHOD_MATCH = YES;
				"CODE_SIGN_IDENTITY[sdk=iphoneos*]" = "iPhone Developer";
				COPY_PHASE_STRIP = NO;
				CURRENT_PROJECT_VERSION = 1;
				DEBUG_INFORMATION_FORMAT = dwarf;
				ENABLE_STRICT_OBJC_MSGSEND = YES;
				ENABLE_TESTABILITY = YES;
				GCC_C_LANGUAGE_STANDARD = gnu99;
				GCC_DYNAMIC_NO_PIC = NO;
				GCC_NO_COMMON_BLOCKS = YES;
				GCC_OPTIMIZATION_LEVEL = 0;
				GCC_PREPROCESSOR_DEFINITIONS = (
					"DEBUG=1",
					"$(inherited)",
				);
				GCC_WARN_64_TO_32_BIT_CONVERSION = YES;
				GCC_WARN_ABOUT_RETURN_TYPE = YES_ERROR;
				GCC_WARN_UNDECLARED_SELECTOR = YES;
				GCC_WARN_UNINITIALIZED_AUTOS = YES_AGGRESSIVE;
				GCC_WARN_UNUSED_FUNCTION = YES;
				GCC_WARN_UNUSED_VARIABLE = YES;
				IPHONEOS_DEPLOYMENT_TARGET = 10.0;
				MTL_ENABLE_DEBUG_INFO = YES;
				ONLY_ACTIVE_ARCH = YES;
				OTHER_SWIFT_FLAGS = "-Xfrontend -warn-long-expression-type-checking=400";
				SDKROOT = iphoneos;
				SWIFT_ACTIVE_COMPILATION_CONDITIONS = DEBUG;
				SWIFT_OPTIMIZATION_LEVEL = "-Onone";
				TARGETED_DEVICE_FAMILY = "1,2";
				VERSIONING_SYSTEM = "apple-generic";
				VERSION_INFO_PREFIX = "";
			};
			name = Debug;
		};
		1B49CD221EC4721A006F8E7D /* Release */ = {
			isa = XCBuildConfiguration;
			buildSettings = {
				ALWAYS_SEARCH_USER_PATHS = NO;
				CLANG_ANALYZER_NONNULL = YES;
				CLANG_ANALYZER_NUMBER_OBJECT_CONVERSION = YES_AGGRESSIVE;
				CLANG_CXX_LANGUAGE_STANDARD = "gnu++0x";
				CLANG_CXX_LIBRARY = "libc++";
				CLANG_ENABLE_MODULES = YES;
				CLANG_ENABLE_OBJC_ARC = YES;
				CLANG_WARN_BLOCK_CAPTURE_AUTORELEASING = YES;
				CLANG_WARN_BOOL_CONVERSION = YES;
				CLANG_WARN_COMMA = YES;
				CLANG_WARN_CONSTANT_CONVERSION = YES;
				CLANG_WARN_DEPRECATED_OBJC_IMPLEMENTATIONS = YES;
				CLANG_WARN_DIRECT_OBJC_ISA_USAGE = YES_ERROR;
				CLANG_WARN_DOCUMENTATION_COMMENTS = YES;
				CLANG_WARN_EMPTY_BODY = YES;
				CLANG_WARN_ENUM_CONVERSION = YES;
				CLANG_WARN_INFINITE_RECURSION = YES;
				CLANG_WARN_INT_CONVERSION = YES;
				CLANG_WARN_NON_LITERAL_NULL_CONVERSION = YES;
				CLANG_WARN_OBJC_IMPLICIT_RETAIN_SELF = YES;
				CLANG_WARN_OBJC_LITERAL_CONVERSION = YES;
				CLANG_WARN_OBJC_ROOT_CLASS = YES_ERROR;
				CLANG_WARN_RANGE_LOOP_ANALYSIS = YES;
				CLANG_WARN_STRICT_PROTOTYPES = YES;
				CLANG_WARN_SUSPICIOUS_MOVE = YES;
				CLANG_WARN_UNREACHABLE_CODE = YES;
				CLANG_WARN__DUPLICATE_METHOD_MATCH = YES;
				"CODE_SIGN_IDENTITY[sdk=iphoneos*]" = "iPhone Developer";
				COPY_PHASE_STRIP = NO;
				CURRENT_PROJECT_VERSION = 1;
				DEBUG_INFORMATION_FORMAT = "dwarf-with-dsym";
				ENABLE_NS_ASSERTIONS = NO;
				ENABLE_STRICT_OBJC_MSGSEND = YES;
				GCC_C_LANGUAGE_STANDARD = gnu99;
				GCC_NO_COMMON_BLOCKS = YES;
				GCC_WARN_64_TO_32_BIT_CONVERSION = YES;
				GCC_WARN_ABOUT_RETURN_TYPE = YES_ERROR;
				GCC_WARN_UNDECLARED_SELECTOR = YES;
				GCC_WARN_UNINITIALIZED_AUTOS = YES_AGGRESSIVE;
				GCC_WARN_UNUSED_FUNCTION = YES;
				GCC_WARN_UNUSED_VARIABLE = YES;
				IPHONEOS_DEPLOYMENT_TARGET = 10.0;
				MTL_ENABLE_DEBUG_INFO = NO;
				OTHER_SWIFT_FLAGS = "-Xfrontend -warn-long-expression-type-checking=400";
				SDKROOT = iphoneos;
				SWIFT_OPTIMIZATION_LEVEL = "-Owholemodule";
				TARGETED_DEVICE_FAMILY = "1,2";
				VALIDATE_PRODUCT = YES;
				VERSIONING_SYSTEM = "apple-generic";
				VERSION_INFO_PREFIX = "";
			};
			name = Release;
		};
		1B49CD241EC4721A006F8E7D /* Debug */ = {
			isa = XCBuildConfiguration;
			buildSettings = {
				CLANG_ENABLE_MODULES = YES;
				CODE_SIGN_IDENTITY = "";
				DEFINES_MODULE = YES;
				DEVELOPMENT_TEAM = 6GE6LAAR8V;
				DYLIB_COMPATIBILITY_VERSION = 1;
				DYLIB_CURRENT_VERSION = 1;
				DYLIB_INSTALL_NAME_BASE = "@rpath";
				INFOPLIST_FILE = BlurHashKit/Info.plist;
				INSTALL_PATH = "$(LOCAL_LIBRARY_DIR)/Frameworks";
				LD_RUNPATH_SEARCH_PATHS = "$(inherited) @executable_path/Frameworks @loader_path/Frameworks";
				PRODUCT_BUNDLE_IDENTIFIER = com.wolt.BlurHashKit;
				PRODUCT_NAME = "$(TARGET_NAME)";
				SKIP_INSTALL = YES;
				SWIFT_OPTIMIZATION_LEVEL = "-Onone";
				SWIFT_VERSION = 4.0;
			};
			name = Debug;
		};
		1B49CD251EC4721A006F8E7D /* Release */ = {
			isa = XCBuildConfiguration;
			buildSettings = {
				CLANG_ENABLE_MODULES = YES;
				CODE_SIGN_IDENTITY = "";
				DEFINES_MODULE = YES;
				DEVELOPMENT_TEAM = 6GE6LAAR8V;
				DYLIB_COMPATIBILITY_VERSION = 1;
				DYLIB_CURRENT_VERSION = 1;
				DYLIB_INSTALL_NAME_BASE = "@rpath";
				INFOPLIST_FILE = BlurHashKit/Info.plist;
				INSTALL_PATH = "$(LOCAL_LIBRARY_DIR)/Frameworks";
				LD_RUNPATH_SEARCH_PATHS = "$(inherited) @executable_path/Frameworks @loader_path/Frameworks";
				PRODUCT_BUNDLE_IDENTIFIER = com.wolt.BlurHashKit;
				PRODUCT_NAME = "$(TARGET_NAME)";
				SKIP_INSTALL = YES;
				SWIFT_VERSION = 4.0;
			};
			name = Release;
		};
		1B6C71FB2272451E000D3BB1 /* Debug */ = {
			isa = XCBuildConfiguration;
			buildSettings = {
				CLANG_CXX_LANGUAGE_STANDARD = "gnu++14";
				CLANG_ENABLE_OBJC_WEAK = YES;
				CLANG_WARN_UNGUARDED_AVAILABILITY = YES_AGGRESSIVE;
				CODE_SIGN_IDENTITY = "iPhone Developer";
				CODE_SIGN_STYLE = Automatic;
				DEVELOPMENT_TEAM = M9KXCWYWYR;
				GCC_C_LANGUAGE_STANDARD = gnu11;
				MTL_ENABLE_DEBUG_INFO = INCLUDE_SOURCE;
				MTL_FAST_MATH = YES;
				OTHER_LDFLAGS = "-ObjC";
				PRODUCT_NAME = BlurHashKit;
				SKIP_INSTALL = YES;
				SWIFT_VERSION = 5.0;
				TARGETED_DEVICE_FAMILY = "1,2";
			};
			name = Debug;
		};
		1B6C71FC2272451E000D3BB1 /* Release */ = {
			isa = XCBuildConfiguration;
			buildSettings = {
				CLANG_CXX_LANGUAGE_STANDARD = "gnu++14";
				CLANG_ENABLE_OBJC_WEAK = YES;
				CLANG_WARN_UNGUARDED_AVAILABILITY = YES_AGGRESSIVE;
				CODE_SIGN_IDENTITY = "iPhone Developer";
				CODE_SIGN_STYLE = Automatic;
				DEVELOPMENT_TEAM = M9KXCWYWYR;
				GCC_C_LANGUAGE_STANDARD = gnu11;
				MTL_FAST_MATH = YES;
				OTHER_LDFLAGS = "-ObjC";
				PRODUCT_NAME = BlurHashKit;
				SKIP_INSTALL = YES;
				SWIFT_VERSION = 5.0;
				TARGETED_DEVICE_FAMILY = "1,2";
			};
			name = Release;
		};
/* End XCBuildConfiguration section */

/* Begin XCConfigurationList section */
		1B0A251D1EC5E90C00F25F08 /* Build configuration list for PBXNativeTarget "BlurHashTest" */ = {
			isa = XCConfigurationList;
			buildConfigurations = (
				1B0A251B1EC5E90C00F25F08 /* Debug */,
				1B0A251C1EC5E90C00F25F08 /* Release */,
			);
			defaultConfigurationIsVisible = 0;
			defaultConfigurationName = Release;
		};
		1B2BA1C11F0E5EC6006057C1 /* Build configuration list for PBXNativeTarget "blurhash" */ = {
			isa = XCConfigurationList;
			buildConfigurations = (
				1B2BA1C21F0E5EC6006057C1 /* Debug */,
				1B2BA1C31F0E5EC6006057C1 /* Release */,
			);
			defaultConfigurationIsVisible = 0;
			defaultConfigurationName = Release;
		};
		1B49CD151EC4721A006F8E7D /* Build configuration list for PBXProject "BlurHash" */ = {
			isa = XCConfigurationList;
			buildConfigurations = (
				1B49CD211EC4721A006F8E7D /* Debug */,
				1B49CD221EC4721A006F8E7D /* Release */,
			);
			defaultConfigurationIsVisible = 0;
			defaultConfigurationName = Release;
		};
		1B49CD231EC4721A006F8E7D /* Build configuration list for PBXNativeTarget "BlurHashKit" */ = {
			isa = XCConfigurationList;
			buildConfigurations = (
				1B49CD241EC4721A006F8E7D /* Debug */,
				1B49CD251EC4721A006F8E7D /* Release */,
			);
			defaultConfigurationIsVisible = 0;
			defaultConfigurationName = Release;
		};
		1B6C71FA2272451E000D3BB1 /* Build configuration list for PBXNativeTarget "libBlurHashKit" */ = {
			isa = XCConfigurationList;
			buildConfigurations = (
				1B6C71FB2272451E000D3BB1 /* Debug */,
				1B6C71FC2272451E000D3BB1 /* Release */,
			);
			defaultConfigurationIsVisible = 0;
			defaultConfigurationName = Release;
		};
/* End XCConfigurationList section */
	};
	rootObject = 1B49CD121EC4721A006F8E7D /* Project object */;
}
